
Microsoft Visual Studio Solution File, Format Version 12.00
# Visual Studio 14
VisualStudioVersion = 14.0.25420.1
MinimumVisualStudioVersion = 10.0.40219.1
Project("{FAE04EC0-301F-11D3-BF4B-00C04F79EFBC}") = "SistContabilidadMCA", "SistContabilidadMCA\SistContabilidadMCA.csproj", "{5D440682-29CB-4B0F-9940-10849858A523}"
EndProject
Project("{FAE04EC0-301F-11D3-BF4B-00C04F79EFBC}") = "BusinessLogicMCA", "BusinessLogicMCA\BusinessLogicMCA.csproj", "{79CEBB4B-93A6-4B04-A35A-D37A8C3A8705}"
EndProject
Project("{FAE04EC0-301F-11D3-BF4B-00C04F79EFBC}") = "DataLayerMCA", "DataLayerMCA\DataLayerMCA.csproj", "{3C977CDF-EDB8-4AE3-8B09-51E3FEC7D71A}"
EndProject
Global
	GlobalSection(SolutionConfigurationPlatforms) = preSolution
		Debug|Any CPU = Debug|Any CPU
		Release|Any CPU = Release|Any CPU
	EndGlobalSection
	GlobalSection(ProjectConfigurationPlatforms) = postSolution
		{5D440682-29CB-4B0F-9940-10849858A523}.Debug|Any CPU.ActiveCfg = Debug|Any CPU
		{5D440682-29CB-4B0F-9940-10849858A523}.Debug|Any CPU.Build.0 = Debug|Any CPU
		{5D440682-29CB-4B0F-9940-10849858A523}.Release|Any CPU.ActiveCfg = Release|Any CPU
		{5D440682-29CB-4B0F-9940-10849858A523}.Release|Any CPU.Build.0 = Release|Any CPU
		{79CEBB4B-93A6-4B04-A35A-D37A8C3A8705}.Debug|Any CPU.ActiveCfg = Debug|Any CPU
		{79CEBB4B-93A6-4B04-A35A-D37A8C3A8705}.Debug|Any CPU.Build.0 = Debug|Any CPU
		{79CEBB4B-93A6-4B04-A35A-D37A8C3A8705}.Release|Any CPU.ActiveCfg = Release|Any CPU
		{79CEBB4B-93A6-4B04-A35A-D37A8C3A8705}.Release|Any CPU.Build.0 = Release|Any CPU
		{3C977CDF-EDB8-4AE3-8B09-51E3FEC7D71A}.Debug|Any CPU.ActiveCfg = Debug|Any CPU
		{3C977CDF-EDB8-4AE3-8B09-51E3FEC7D71A}.Debug|Any CPU.Build.0 = Debug|Any CPU
		{3C977CDF-EDB8-4AE3-8B09-51E3FEC7D71A}.Release|Any CPU.ActiveCfg = Release|Any CPU
		{3C977CDF-EDB8-4AE3-8B09-51E3FEC7D71A}.Release|Any CPU.Build.0 = Release|Any CPU
	EndGlobalSection
	GlobalSection(SolutionProperties) = preSolution
		HideSolutionNode = FALSE
	EndGlobalSection
	GlobalSection(TeamFoundationVersionControl) = preSolution
		SccNumberOfProjects = 4
		SccEnterpriseProvider = {4CA58AB2-18FA-4F8D-95D4-32DDF27D184C}
		SccTeamFoundationServer = http://10.13.86.96:8080/tfs/proyectossistemas
		SccLocalPath0 = .
		SccProjectUniqueName1 = BusinessLogicMCA\\BusinessLogicMCA.csproj
		SccProjectName1 = BusinessLogicMCA
		SccLocalPath1 = BusinessLogicMCA
		SccProjectUniqueName2 = DataLayerMCA\\DataLayerMCA.csproj
		SccProjectName2 = DataLayerMCA
		SccLocalPath2 = DataLayerMCA
		SccProjectUniqueName3 = SistContabilidadMCA\\SistContabilidadMCA.csproj
		SccProjectName3 = SistContabilidadMCA
		SccLocalPath3 = SistContabilidadMCA
	EndGlobalSection
EndGlobal
